
Microsoft Visual Studio Solution File, Format Version 12.00
# Visual Studio Version 16
VisualStudioVersion = 16.0.31129.286
MinimumVisualStudioVersion = 10.0.40219.1
Project("{9A19103F-16F7-4668-BE54-9A1E7A4F7556}") = "ShoppingApi", "ShoppingApi\ShoppingApi.csproj", "{43B2EC18-FEC0-4AF2-8718-0A94ECBE1BFA}"
EndProject
Project("{9A19103F-16F7-4668-BE54-9A1E7A4F7556}") = "MVCShoppingUI", "UIs\MVCShoppingUI\MVCShoppingUI.csproj", "{2683DDBF-7E0B-4AE0-8E1E-F337A9738348}"
EndProject
Project("{FAE04EC0-301F-11D3-BF4B-00C04F79EFBC}") = "CustomerCartMS", "CustomerCartMS\CustomerCartMS.csproj", "{C9E6C7BB-0423-4167-89CD-D6708D6296F8}"
EndProject
Global
	GlobalSection(SolutionConfigurationPlatforms) = preSolution
		Debug|Any CPU = Debug|Any CPU
		Release|Any CPU = Release|Any CPU
	EndGlobalSection
	GlobalSection(ProjectConfigurationPlatforms) = postSolution
		{43B2EC18-FEC0-4AF2-8718-0A94ECBE1BFA}.Debug|Any CPU.ActiveCfg = Debug|Any CPU
		{43B2EC18-FEC0-4AF2-8718-0A94ECBE1BFA}.Debug|Any CPU.Build.0 = Debug|Any CPU
		{43B2EC18-FEC0-4AF2-8718-0A94ECBE1BFA}.Release|Any CPU.ActiveCfg = Release|Any CPU
		{43B2EC18-FEC0-4AF2-8718-0A94ECBE1BFA}.Release|Any CPU.Build.0 = Release|Any CPU
		{2683DDBF-7E0B-4AE0-8E1E-F337A9738348}.Debug|Any CPU.ActiveCfg = Debug|Any CPU
		{2683DDBF-7E0B-4AE0-8E1E-F337A9738348}.Debug|Any CPU.Build.0 = Debug|Any CPU
		{2683DDBF-7E0B-4AE0-8E1E-F337A9738348}.Release|Any CPU.ActiveCfg = Release|Any CPU
		{2683DDBF-7E0B-4AE0-8E1E-F337A9738348}.Release|Any CPU.Build.0 = Release|Any CPU
		{C9E6C7BB-0423-4167-89CD-D6708D6296F8}.Debug|Any CPU.ActiveCfg = Debug|Any CPU
		{C9E6C7BB-0423-4167-89CD-D6708D6296F8}.Debug|Any CPU.Build.0 = Debug|Any CPU
		{C9E6C7BB-0423-4167-89CD-D6708D6296F8}.Release|Any CPU.ActiveCfg = Release|Any CPU
		{C9E6C7BB-0423-4167-89CD-D6708D6296F8}.Release|Any CPU.Build.0 = Release|Any CPU
	EndGlobalSection
	GlobalSection(SolutionProperties) = preSolution
		HideSolutionNode = FALSE
	EndGlobalSection
	GlobalSection(ExtensibilityGlobals) = postSolution
		SolutionGuid = {6F1D0394-97DD-43BA-B414-A3770A07FBB7}
	EndGlobalSection
EndGlobal
